// !$*UTF8*$!
{
	archiveVersion = 1;
	classes = {
	};
	objectVersion = 55;
	objects = {

/* Begin PBXBuildFile section */
		0D06D55E2811B715009B40BB /* FirebaseAnalytics in Frameworks */ = {isa = PBXBuildFile; productRef = 0D06D55D2811B715009B40BB /* FirebaseAnalytics */; };
		0D06D5602811B715009B40BB /* FirebaseAuth in Frameworks */ = {isa = PBXBuildFile; productRef = 0D06D55F2811B715009B40BB /* FirebaseAuth */; };
		0D06D5622811B715009B40BB /* FirebaseFirestore in Frameworks */ = {isa = PBXBuildFile; productRef = 0D06D5612811B715009B40BB /* FirebaseFirestore */; };
		0D06D5642811B715009B40BB /* FirebaseStorage in Frameworks */ = {isa = PBXBuildFile; productRef = 0D06D5632811B715009B40BB /* FirebaseStorage */; };
		5908EB71277D6F5A00A69ECD /* HomeView.swift in Sources */ = {isa = PBXBuildFile; fileRef = 5908EB70277D6F5A00A69ECD /* HomeView.swift */; };
		5908EB78277D769E00A69ECD /* TrackView.swift in Sources */ = {isa = PBXBuildFile; fileRef = 5908EB77277D769E00A69ECD /* TrackView.swift */; };
		5908EB7A277D76BB00A69ECD /* NotificationView.swift in Sources */ = {isa = PBXBuildFile; fileRef = 5908EB79277D76BB00A69ECD /* NotificationView.swift */; };
		5908EB7D277D76FF00A69ECD /* LoginView.swift in Sources */ = {isa = PBXBuildFile; fileRef = 5908EB7C277D76FF00A69ECD /* LoginView.swift */; };
		5908EB7F277D774F00A69ECD /* SettingsView.swift in Sources */ = {isa = PBXBuildFile; fileRef = 5908EB7E277D774F00A69ECD /* SettingsView.swift */; };
		593295E6277F69300024022F /* TrackFirebase.swift in Sources */ = {isa = PBXBuildFile; fileRef = 593295E5277F69300024022F /* TrackFirebase.swift */; };
		593295E9277F701A0024022F /* TrackMapsView.swift in Sources */ = {isa = PBXBuildFile; fileRef = 593295E8277F701A0024022F /* TrackMapsView.swift */; };
		593843CA281B68D600579697 /* GoogleService-Info.plist in Resources */ = {isa = PBXBuildFile; fileRef = 593843C9281B68D600579697 /* GoogleService-Info.plist */; };
		593843CC281CD11600579697 /* EmailView.swift in Sources */ = {isa = PBXBuildFile; fileRef = 593843CB281CD11600579697 /* EmailView.swift */; };
		593843CE281CD18B00579697 /* PasswordView.swift in Sources */ = {isa = PBXBuildFile; fileRef = 593843CD281CD18A00579697 /* PasswordView.swift */; };
		593843D0281CD19700579697 /* NotifyView.swift in Sources */ = {isa = PBXBuildFile; fileRef = 593843CF281CD19700579697 /* NotifyView.swift */; };
		593843D3281CE5E600579697 /* Checkedin.swift in Sources */ = {isa = PBXBuildFile; fileRef = 593843D2281CE5E600579697 /* Checkedin.swift */; };
		5956EF0C277D11DD00449B69 /* BusPrintApp.swift in Sources */ = {isa = PBXBuildFile; fileRef = 5956EF0B277D11DD00449B69 /* BusPrintApp.swift */; };
		5956EF0E277D11DD00449B69 /* ContentView.swift in Sources */ = {isa = PBXBuildFile; fileRef = 5956EF0D277D11DD00449B69 /* ContentView.swift */; };
		5956EF10277D11DF00449B69 /* Assets.xcassets in Resources */ = {isa = PBXBuildFile; fileRef = 5956EF0F277D11DF00449B69 /* Assets.xcassets */; };
		5956EF13277D11DF00449B69 /* Preview Assets.xcassets in Resources */ = {isa = PBXBuildFile; fileRef = 5956EF12277D11DF00449B69 /* Preview Assets.xcassets */; };
		5971411A281FA67200E8AEEF /* WeatherManager.swift in Sources */ = {isa = PBXBuildFile; fileRef = 59714119281FA67200E8AEEF /* WeatherManager.swift */; };
		8DDD1F3C27CD843900C612C8 /* NotificationSetup.swift in Sources */ = {isa = PBXBuildFile; fileRef = 8DDD1F3B27CD843900C612C8 /* NotificationSetup.swift */; };
/* End PBXBuildFile section */

/* Begin PBXFileReference section */
		5908EB70277D6F5A00A69ECD /* HomeView.swift */ = {isa = PBXFileReference; lastKnownFileType = sourcecode.swift; path = HomeView.swift; sourceTree = "<group>"; };
		5908EB77277D769E00A69ECD /* TrackView.swift */ = {isa = PBXFileReference; lastKnownFileType = sourcecode.swift; path = TrackView.swift; sourceTree = "<group>"; };
		5908EB79277D76BB00A69ECD /* NotificationView.swift */ = {isa = PBXFileReference; lastKnownFileType = sourcecode.swift; path = NotificationView.swift; sourceTree = "<group>"; };
		5908EB7C277D76FF00A69ECD /* LoginView.swift */ = {isa = PBXFileReference; lastKnownFileType = sourcecode.swift; path = LoginView.swift; sourceTree = "<group>"; };
		5908EB7E277D774F00A69ECD /* SettingsView.swift */ = {isa = PBXFileReference; lastKnownFileType = sourcecode.swift; path = SettingsView.swift; sourceTree = "<group>"; };
		593295E5277F69300024022F /* TrackFirebase.swift */ = {isa = PBXFileReference; lastKnownFileType = sourcecode.swift; path = TrackFirebase.swift; sourceTree = "<group>"; };
		593295E8277F701A0024022F /* TrackMapsView.swift */ = {isa = PBXFileReference; lastKnownFileType = sourcecode.swift; path = TrackMapsView.swift; sourceTree = "<group>"; };
		593843C9281B68D600579697 /* GoogleService-Info.plist */ = {isa = PBXFileReference; lastKnownFileType = text.plist; path = "GoogleService-Info.plist"; sourceTree = SOURCE_ROOT; };
		593843CB281CD11600579697 /* EmailView.swift */ = {isa = PBXFileReference; fileEncoding = 4; lastKnownFileType = sourcecode.swift; path = EmailView.swift; sourceTree = "<group>"; };
		593843CD281CD18A00579697 /* PasswordView.swift */ = {isa = PBXFileReference; fileEncoding = 4; lastKnownFileType = sourcecode.swift; path = PasswordView.swift; sourceTree = "<group>"; };
		593843CF281CD19700579697 /* NotifyView.swift */ = {isa = PBXFileReference; fileEncoding = 4; lastKnownFileType = sourcecode.swift; path = NotifyView.swift; sourceTree = "<group>"; };
		593843D2281CE5E600579697 /* Checkedin.swift */ = {isa = PBXFileReference; lastKnownFileType = sourcecode.swift; path = Checkedin.swift; sourceTree = "<group>"; };
		5956EF08277D11DD00449B69 /* BusPrint.app */ = {isa = PBXFileReference; explicitFileType = wrapper.application; includeInIndex = 0; path = BusPrint.app; sourceTree = BUILT_PRODUCTS_DIR; };
		5956EF0B277D11DD00449B69 /* BusPrintApp.swift */ = {isa = PBXFileReference; lastKnownFileType = sourcecode.swift; path = BusPrintApp.swift; sourceTree = "<group>"; };
		5956EF0D277D11DD00449B69 /* ContentView.swift */ = {isa = PBXFileReference; lastKnownFileType = sourcecode.swift; path = ContentView.swift; sourceTree = "<group>"; };
		5956EF0F277D11DF00449B69 /* Assets.xcassets */ = {isa = PBXFileReference; lastKnownFileType = folder.assetcatalog; path = Assets.xcassets; sourceTree = "<group>"; };
		5956EF12277D11DF00449B69 /* Preview Assets.xcassets */ = {isa = PBXFileReference; lastKnownFileType = folder.assetcatalog; path = "Preview Assets.xcassets"; sourceTree = "<group>"; };
		59714119281FA67200E8AEEF /* WeatherManager.swift */ = {isa = PBXFileReference; lastKnownFileType = sourcecode.swift; path = WeatherManager.swift; sourceTree = "<group>"; };
		8DDD1F3B27CD843900C612C8 /* NotificationSetup.swift */ = {isa = PBXFileReference; lastKnownFileType = sourcecode.swift; path = NotificationSetup.swift; sourceTree = "<group>"; };
/* End PBXFileReference section */

/* Begin PBXFrameworksBuildPhase section */
		5956EF05277D11DD00449B69 /* Frameworks */ = {
			isa = PBXFrameworksBuildPhase;
			buildActionMask = 2147483647;
			files = (
				0D06D55E2811B715009B40BB /* FirebaseAnalytics in Frameworks */,
				0D06D5642811B715009B40BB /* FirebaseStorage in Frameworks */,
				0D06D5602811B715009B40BB /* FirebaseAuth in Frameworks */,
				0D06D5622811B715009B40BB /* FirebaseFirestore in Frameworks */,
			);
			runOnlyForDeploymentPostprocessing = 0;
		};
/* End PBXFrameworksBuildPhase section */

/* Begin PBXGroup section */
		5908EB68277D6A3300A69ECD /* Features */ = {
			isa = PBXGroup;
			children = (
				5908EB69277D6B0600A69ECD /* Authentication */,
				5908EB6A277D6B1000A69ECD /* Home */,
				593843D1281CE5C700579697 /* Checkedin */,
				5908EB6B277D6B1B00A69ECD /* Notification */,
				5908EB6C277D6B2F00A69ECD /* Track */,
				5908EB6D277D6B4500A69ECD /* Settings */,
			);
			path = Features;
			sourceTree = "<group>";
		};
		5908EB69277D6B0600A69ECD /* Authentication */ = {
			isa = PBXGroup;
			children = (
				5908EB7C277D76FF00A69ECD /* LoginView.swift */,
			);
			path = Authentication;
			sourceTree = "<group>";
		};
		5908EB6A277D6B1000A69ECD /* Home */ = {
			isa = PBXGroup;
			children = (
				5908EB70277D6F5A00A69ECD /* HomeView.swift */,
				59714119281FA67200E8AEEF /* WeatherManager.swift */,
			);
			path = Home;
			sourceTree = "<group>";
		};
		5908EB6B277D6B1B00A69ECD /* Notification */ = {
			isa = PBXGroup;
			children = (
				5908EB79277D76BB00A69ECD /* NotificationView.swift */,
				8DDD1F3B27CD843900C612C8 /* NotificationSetup.swift */,
			);
			path = Notification;
			sourceTree = "<group>";
		};
		5908EB6C277D6B2F00A69ECD /* Track */ = {
			isa = PBXGroup;
			children = (
				5908EB77277D769E00A69ECD /* TrackView.swift */,
				593295E8277F701A0024022F /* TrackMapsView.swift */,
				593295E5277F69300024022F /* TrackFirebase.swift */,
			);
			path = Track;
			sourceTree = "<group>";
		};
		5908EB6D277D6B4500A69ECD /* Settings */ = {
			isa = PBXGroup;
			children = (
				5908EB7E277D774F00A69ECD /* SettingsView.swift */,
				593843CB281CD11600579697 /* EmailView.swift */,
				593843CD281CD18A00579697 /* PasswordView.swift */,
				593843CF281CD19700579697 /* NotifyView.swift */,
			);
			path = Settings;
			sourceTree = "<group>";
		};
		5908EB6E277D6BBE00A69ECD /* Resources */ = {
			isa = PBXGroup;
			children = (
			);
			path = Resources;
			sourceTree = "<group>";
		};
		5908EB6F277D6CF800A69ECD /* Navigator */ = {
			isa = PBXGroup;
			children = (
				5956EF0D277D11DD00449B69 /* ContentView.swift */,
			);
			path = Navigator;
			sourceTree = "<group>";
		};
		593843D1281CE5C700579697 /* Checkedin */ = {
			isa = PBXGroup;
			children = (
				593843D2281CE5E600579697 /* Checkedin.swift */,
			);
			path = Checkedin;
			sourceTree = "<group>";
		};
		5956EEFF277D11DD00449B69 = {
			isa = PBXGroup;
			children = (
				5956EF0A277D11DD00449B69 /* BusPrint */,
				5956EF09277D11DD00449B69 /* Products */,
			);
			sourceTree = "<group>";
		};
		5956EF09277D11DD00449B69 /* Products */ = {
			isa = PBXGroup;
			children = (
				5956EF08277D11DD00449B69 /* BusPrint.app */,
			);
			name = Products;
			sourceTree = "<group>";
		};
		5956EF0A277D11DD00449B69 /* BusPrint */ = {
			isa = PBXGroup;
			children = (
				5908EB6F277D6CF800A69ECD /* Navigator */,
				5908EB68277D6A3300A69ECD /* Features */,
				5956EF0B277D11DD00449B69 /* BusPrintApp.swift */,
				593843C9281B68D600579697 /* GoogleService-Info.plist */,
				5908EB6E277D6BBE00A69ECD /* Resources */,
				5956EF0F277D11DF00449B69 /* Assets.xcassets */,
				5956EF11277D11DF00449B69 /* Preview Content */,
			);
			path = BusPrint;
			sourceTree = "<group>";
		};
		5956EF11277D11DF00449B69 /* Preview Content */ = {
			isa = PBXGroup;
			children = (
				5956EF12277D11DF00449B69 /* Preview Assets.xcassets */,
			);
			path = "Preview Content";
			sourceTree = "<group>";
		};
/* End PBXGroup section */

/* Begin PBXNativeTarget section */
		5956EF07277D11DD00449B69 /* BusPrint */ = {
			isa = PBXNativeTarget;
			buildConfigurationList = 5956EF16277D11DF00449B69 /* Build configuration list for PBXNativeTarget "BusPrint" */;
			buildPhases = (
				5956EF04277D11DD00449B69 /* Sources */,
				5956EF05277D11DD00449B69 /* Frameworks */,
				5956EF06277D11DD00449B69 /* Resources */,
			);
			buildRules = (
			);
			dependencies = (
			);
			name = BusPrint;
			packageProductDependencies = (
				0D06D55D2811B715009B40BB /* FirebaseAnalytics */,
				0D06D55F2811B715009B40BB /* FirebaseAuth */,
				0D06D5612811B715009B40BB /* FirebaseFirestore */,
				0D06D5632811B715009B40BB /* FirebaseStorage */,
			);
			productName = BusPrint;
			productReference = 5956EF08277D11DD00449B69 /* BusPrint.app */;
			productType = "com.apple.product-type.application";
		};
/* End PBXNativeTarget section */

/* Begin PBXProject section */
		5956EF00277D11DD00449B69 /* Project object */ = {
			isa = PBXProject;
			attributes = {
				BuildIndependentTargetsInParallel = 1;
				LastSwiftUpdateCheck = 1310;
				LastUpgradeCheck = 1310;
				TargetAttributes = {
					5956EF07277D11DD00449B69 = {
						CreatedOnToolsVersion = 13.1;
					};
				};
			};
			buildConfigurationList = 5956EF03277D11DD00449B69 /* Build configuration list for PBXProject "BusPrint" */;
			compatibilityVersion = "Xcode 13.0";
			developmentRegion = en;
			hasScannedForEncodings = 0;
			knownRegions = (
				en,
				Base,
			);
			mainGroup = 5956EEFF277D11DD00449B69;
			packageReferences = (
				0D06D55C2811B715009B40BB /* XCRemoteSwiftPackageReference "firebase-ios-sdk" */,
			);
			productRefGroup = 5956EF09277D11DD00449B69 /* Products */;
			projectDirPath = "";
			projectRoot = "";
			targets = (
				5956EF07277D11DD00449B69 /* BusPrint */,
			);
		};
/* End PBXProject section */

/* Begin PBXResourcesBuildPhase section */
		5956EF06277D11DD00449B69 /* Resources */ = {
			isa = PBXResourcesBuildPhase;
			buildActionMask = 2147483647;
			files = (
				5956EF13277D11DF00449B69 /* Preview Assets.xcassets in Resources */,
				5956EF10277D11DF00449B69 /* Assets.xcassets in Resources */,
				593843CA281B68D600579697 /* GoogleService-Info.plist in Resources */,
			);
			runOnlyForDeploymentPostprocessing = 0;
		};
/* End PBXResourcesBuildPhase section */

/* Begin PBXSourcesBuildPhase section */
		5956EF04277D11DD00449B69 /* Sources */ = {
			isa = PBXSourcesBuildPhase;
			buildActionMask = 2147483647;
			files = (
				5908EB7F277D774F00A69ECD /* SettingsView.swift in Sources */,
				5956EF0E277D11DD00449B69 /* ContentView.swift in Sources */,
				593843D0281CD19700579697 /* NotifyView.swift in Sources */,
				5908EB78277D769E00A69ECD /* TrackView.swift in Sources */,
				593843CC281CD11600579697 /* EmailView.swift in Sources */,
				5908EB7D277D76FF00A69ECD /* LoginView.swift in Sources */,
				8DDD1F3C27CD843900C612C8 /* NotificationSetup.swift in Sources */,
				593295E6277F69300024022F /* TrackFirebase.swift in Sources */,
				593843CE281CD18B00579697 /* PasswordView.swift in Sources */,
				5908EB71277D6F5A00A69ECD /* HomeView.swift in Sources */,
				5956EF0C277D11DD00449B69 /* BusPrintApp.swift in Sources */,
				593295E9277F701A0024022F /* TrackMapsView.swift in Sources */,
				5971411A281FA67200E8AEEF /* WeatherManager.swift in Sources */,
				593843D3281CE5E600579697 /* Checkedin.swift in Sources */,
				5908EB7A277D76BB00A69ECD /* NotificationView.swift in Sources */,
			);
			runOnlyForDeploymentPostprocessing = 0;
		};
/* End PBXSourcesBuildPhase section */

/* Begin XCBuildConfiguration section */
		5956EF14277D11DF00449B69 /* Debug */ = {
			isa = XCBuildConfiguration;
			buildSettings = {
				ALWAYS_SEARCH_USER_PATHS = NO;
				CLANG_ANALYZER_NONNULL = YES;
				CLANG_ANALYZER_NUMBER_OBJECT_CONVERSION = YES_AGGRESSIVE;
				CLANG_CXX_LANGUAGE_STANDARD = "gnu++17";
				CLANG_CXX_LIBRARY = "libc++";
				CLANG_ENABLE_MODULES = YES;
				CLANG_ENABLE_OBJC_ARC = YES;
				CLANG_ENABLE_OBJC_WEAK = YES;
				CLANG_WARN_BLOCK_CAPTURE_AUTORELEASING = YES;
				CLANG_WARN_BOOL_CONVERSION = YES;
				CLANG_WARN_COMMA = YES;
				CLANG_WARN_CONSTANT_CONVERSION = YES;
				CLANG_WARN_DEPRECATED_OBJC_IMPLEMENTATIONS = YES;
				CLANG_WARN_DIRECT_OBJC_ISA_USAGE = YES_ERROR;
				CLANG_WARN_DOCUMENTATION_COMMENTS = YES;
				CLANG_WARN_EMPTY_BODY = YES;
				CLANG_WARN_ENUM_CONVERSION = YES;
				CLANG_WARN_INFINITE_RECURSION = YES;
				CLANG_WARN_INT_CONVERSION = YES;
				CLANG_WARN_NON_LITERAL_NULL_CONVERSION = YES;
				CLANG_WARN_OBJC_IMPLICIT_RETAIN_SELF = YES;
				CLANG_WARN_OBJC_LITERAL_CONVERSION = YES;
				CLANG_WARN_OBJC_ROOT_CLASS = YES_ERROR;
				CLANG_WARN_QUOTED_INCLUDE_IN_FRAMEWORK_HEADER = YES;
				CLANG_WARN_RANGE_LOOP_ANALYSIS = YES;
				CLANG_WARN_STRICT_PROTOTYPES = YES;
				CLANG_WARN_SUSPICIOUS_MOVE = YES;
				CLANG_WARN_UNGUARDED_AVAILABILITY = YES_AGGRESSIVE;
				CLANG_WARN_UNREACHABLE_CODE = YES;
				CLANG_WARN__DUPLICATE_METHOD_MATCH = YES;
				COPY_PHASE_STRIP = NO;
				DEBUG_INFORMATION_FORMAT = dwarf;
				ENABLE_STRICT_OBJC_MSGSEND = YES;
				ENABLE_TESTABILITY = YES;
				GCC_C_LANGUAGE_STANDARD = gnu11;
				GCC_DYNAMIC_NO_PIC = NO;
				GCC_NO_COMMON_BLOCKS = YES;
				GCC_OPTIMIZATION_LEVEL = 0;
				GCC_PREPROCESSOR_DEFINITIONS = (
					"DEBUG=1",
					"$(inherited)",
				);
				GCC_WARN_64_TO_32_BIT_CONVERSION = YES;
				GCC_WARN_ABOUT_RETURN_TYPE = YES_ERROR;
				GCC_WARN_UNDECLARED_SELECTOR = YES;
				GCC_WARN_UNINITIALIZED_AUTOS = YES_AGGRESSIVE;
				GCC_WARN_UNUSED_FUNCTION = YES;
				GCC_WARN_UNUSED_VARIABLE = YES;
				IPHONEOS_DEPLOYMENT_TARGET = 15.0;
				MTL_ENABLE_DEBUG_INFO = INCLUDE_SOURCE;
				MTL_FAST_MATH = YES;
				ONLY_ACTIVE_ARCH = YES;
				SDKROOT = iphoneos;
				SWIFT_ACTIVE_COMPILATION_CONDITIONS = DEBUG;
				SWIFT_OPTIMIZATION_LEVEL = "-Onone";
			};
			name = Debug;
		};
		5956EF15277D11DF00449B69 /* Release */ = {
			isa = XCBuildConfiguration;
			buildSettings = {
				ALWAYS_SEARCH_USER_PATHS = NO;
				CLANG_ANALYZER_NONNULL = YES;
				CLANG_ANALYZER_NUMBER_OBJECT_CONVERSION = YES_AGGRESSIVE;
				CLANG_CXX_LANGUAGE_STANDARD = "gnu++17";
				CLANG_CXX_LIBRARY = "libc++";
				CLANG_ENABLE_MODULES = YES;
				CLANG_ENABLE_OBJC_ARC = YES;
				CLANG_ENABLE_OBJC_WEAK = YES;
				CLANG_WARN_BLOCK_CAPTURE_AUTORELEASING = YES;
				CLANG_WARN_BOOL_CONVERSION = YES;
				CLANG_WARN_COMMA = YES;
				CLANG_WARN_CONSTANT_CONVERSION = YES;
				CLANG_WARN_DEPRECATED_OBJC_IMPLEMENTATIONS = YES;
				CLANG_WARN_DIRECT_OBJC_ISA_USAGE = YES_ERROR;
				CLANG_WARN_DOCUMENTATION_COMMENTS = YES;
				CLANG_WARN_EMPTY_BODY = YES;
				CLANG_WARN_ENUM_CONVERSION = YES;
				CLANG_WARN_INFINITE_RECURSION = YES;
				CLANG_WARN_INT_CONVERSION = YES;
				CLANG_WARN_NON_LITERAL_NULL_CONVERSION = YES;
				CLANG_WARN_OBJC_IMPLICIT_RETAIN_SELF = YES;
				CLANG_WARN_OBJC_LITERAL_CONVERSION = YES;
				CLANG_WARN_OBJC_ROOT_CLASS = YES_ERROR;
				CLANG_WARN_QUOTED_INCLUDE_IN_FRAMEWORK_HEADER = YES;
				CLANG_WARN_RANGE_LOOP_ANALYSIS = YES;
				CLANG_WARN_STRICT_PROTOTYPES = YES;
				CLANG_WARN_SUSPICIOUS_MOVE = YES;
				CLANG_WARN_UNGUARDED_AVAILABILITY = YES_AGGRESSIVE;
				CLANG_WARN_UNREACHABLE_CODE = YES;
				CLANG_WARN__DUPLICATE_METHOD_MATCH = YES;
				COPY_PHASE_STRIP = NO;
				DEBUG_INFORMATION_FORMAT = "dwarf-with-dsym";
				ENABLE_NS_ASSERTIONS = NO;
				ENABLE_STRICT_OBJC_MSGSEND = YES;
				GCC_C_LANGUAGE_STANDARD = gnu11;
				GCC_NO_COMMON_BLOCKS = YES;
				GCC_WARN_64_TO_32_BIT_CONVERSION = YES;
				GCC_WARN_ABOUT_RETURN_TYPE = YES_ERROR;
				GCC_WARN_UNDECLARED_SELECTOR = YES;
				GCC_WARN_UNINITIALIZED_AUTOS = YES_AGGRESSIVE;
				GCC_WARN_UNUSED_FUNCTION = YES;
				GCC_WARN_UNUSED_VARIABLE = YES;
				IPHONEOS_DEPLOYMENT_TARGET = 15.0;
				MTL_ENABLE_DEBUG_INFO = NO;
				MTL_FAST_MATH = YES;
				SDKROOT = iphoneos;
				SWIFT_COMPILATION_MODE = wholemodule;
				SWIFT_OPTIMIZATION_LEVEL = "-O";
				VALIDATE_PRODUCT = YES;
			};
			name = Release;
		};
		5956EF17277D11DF00449B69 /* Debug */ = {
			isa = XCBuildConfiguration;
			buildSettings = {
				ASSETCATALOG_COMPILER_APPICON_NAME = AppIcon;
				ASSETCATALOG_COMPILER_GLOBAL_ACCENT_COLOR_NAME = AccentColor;
				CODE_SIGN_STYLE = Automatic;
				CURRENT_PROJECT_VERSION = 1;
				DEVELOPMENT_ASSET_PATHS = "\"BusPrint/Preview Content\"";
				DEVELOPMENT_TEAM = WDXE35AZKS;
				ENABLE_PREVIEWS = YES;
				GENERATE_INFOPLIST_FILE = YES;
				INFOPLIST_KEY_UIApplicationSceneManifest_Generation = YES;
				INFOPLIST_KEY_UIApplicationSupportsIndirectInputEvents = YES;
				INFOPLIST_KEY_UILaunchScreen_Generation = YES;
				INFOPLIST_KEY_UISupportedInterfaceOrientations_iPad = "UIInterfaceOrientationPortrait UIInterfaceOrientationPortraitUpsideDown UIInterfaceOrientationLandscapeLeft UIInterfaceOrientationLandscapeRight";
				INFOPLIST_KEY_UISupportedInterfaceOrientations_iPhone = "UIInterfaceOrientationPortrait UIInterfaceOrientationLandscapeLeft UIInterfaceOrientationLandscapeRight";
				LD_RUNPATH_SEARCH_PATHS = (
					"$(inherited)",
					"@executable_path/Frameworks",
				);
				MARKETING_VERSION = 1.0;
				PRODUCT_BUNDLE_IDENTIFIER = PrintBus.BusPrint;
				PRODUCT_NAME = "$(TARGET_NAME)";
				SWIFT_EMIT_LOC_STRINGS = YES;
				SWIFT_VERSION = 5.0;
				TARGETED_DEVICE_FAMILY = "1,2";
			};
			name = Debug;
		};
		5956EF18277D11DF00449B69 /* Release */ = {
			isa = XCBuildConfiguration;
			buildSettings = {
				ASSETCATALOG_COMPILER_APPICON_NAME = AppIcon;
				ASSETCATALOG_COMPILER_GLOBAL_ACCENT_COLOR_NAME = AccentColor;
				CODE_SIGN_STYLE = Automatic;
				CURRENT_PROJECT_VERSION = 1;
				DEVELOPMENT_ASSET_PATHS = "\"BusPrint/Preview Content\"";
				DEVELOPMENT_TEAM = WDXE35AZKS;
				ENABLE_PREVIEWS = YES;
				GENERATE_INFOPLIST_FILE = YES;
				INFOPLIST_KEY_UIApplicationSceneManifest_Generation = YES;
				INFOPLIST_KEY_UIApplicationSupportsIndirectInputEvents = YES;
				INFOPLIST_KEY_UILaunchScreen_Generation = YES;
				INFOPLIST_KEY_UISupportedInterfaceOrientations_iPad = "UIInterfaceOrientationPortrait UIInterfaceOrientationPortraitUpsideDown UIInterfaceOrientationLandscapeLeft UIInterfaceOrientationLandscapeRight";
				INFOPLIST_KEY_UISupportedInterfaceOrientations_iPhone = "UIInterfaceOrientationPortrait UIInterfaceOrientationLandscapeLeft UIInterfaceOrientationLandscapeRight";
				LD_RUNPATH_SEARCH_PATHS = (
					"$(inherited)",
					"@executable_path/Frameworks",
				);
				MARKETING_VERSION = 1.0;
				PRODUCT_BUNDLE_IDENTIFIER = PrintBus.BusPrint;
				PRODUCT_NAME = "$(TARGET_NAME)";
				SWIFT_EMIT_LOC_STRINGS = YES;
				SWIFT_VERSION = 5.0;
				TARGETED_DEVICE_FAMILY = "1,2";
			};
			name = Release;
		};
/* End XCBuildConfiguration section */

/* Begin XCConfigurationList section */
		5956EF03277D11DD00449B69 /* Build configuration list for PBXProject "BusPrint" */ = {
			isa = XCConfigurationList;
			buildConfigurations = (
				5956EF14277D11DF00449B69 /* Debug */,
				5956EF15277D11DF00449B69 /* Release */,
			);
			defaultConfigurationIsVisible = 0;
			defaultConfigurationName = Release;
		};
		5956EF16277D11DF00449B69 /* Build configuration list for PBXNativeTarget "BusPrint" */ = {
			isa = XCConfigurationList;
			buildConfigurations = (
				5956EF17277D11DF00449B69 /* Debug */,
				5956EF18277D11DF00449B69 /* Release */,
			);
			defaultConfigurationIsVisible = 0;
			defaultConfigurationName = Release;
		};
/* End XCConfigurationList section */

/* Begin XCRemoteSwiftPackageReference section */
		0D06D55C2811B715009B40BB /* XCRemoteSwiftPackageReference "firebase-ios-sdk" */ = {
			isa = XCRemoteSwiftPackageReference;
			repositoryURL = "https://github.com/firebase/firebase-ios-sdk";
			requirement = {
				kind = upToNextMajorVersion;
				minimumVersion = 8.0.0;
			};
		};
/* End XCRemoteSwiftPackageReference section */

/* Begin XCSwiftPackageProductDependency section */
		0D06D55D2811B715009B40BB /* FirebaseAnalytics */ = {
			isa = XCSwiftPackageProductDependency;
			package = 0D06D55C2811B715009B40BB /* XCRemoteSwiftPackageReference "firebase-ios-sdk" */;
			productName = FirebaseAnalytics;
		};
		0D06D55F2811B715009B40BB /* FirebaseAuth */ = {
			isa = XCSwiftPackageProductDependency;
			package = 0D06D55C2811B715009B40BB /* XCRemoteSwiftPackageReference "firebase-ios-sdk" */;
			productName = FirebaseAuth;
		};
		0D06D5612811B715009B40BB /* FirebaseFirestore */ = {
			isa = XCSwiftPackageProductDependency;
			package = 0D06D55C2811B715009B40BB /* XCRemoteSwiftPackageReference "firebase-ios-sdk" */;
			productName = FirebaseFirestore;
		};
		0D06D5632811B715009B40BB /* FirebaseStorage */ = {
			isa = XCSwiftPackageProductDependency;
			package = 0D06D55C2811B715009B40BB /* XCRemoteSwiftPackageReference "firebase-ios-sdk" */;
			productName = FirebaseStorage;
		};
/* End XCSwiftPackageProductDependency section */
	};
	rootObject = 5956EF00277D11DD00449B69 /* Project object */;
}
