// !$*UTF8*$!
{
	archiveVersion = 1;
	classes = {
	};
	objectVersion = 55;
	objects = {

/* Begin PBXBuildFile section */
		3F09CE9C74AD5656F2ECA713 /* Pods_BusPrint.framework in Frameworks */ = {isa = PBXBuildFile; fileRef = 9B53D9713AFCDC192BB4F121 /* Pods_BusPrint.framework */; };
		5908EB71277D6F5A00A69ECD /* HomeView.swift in Sources */ = {isa = PBXBuildFile; fileRef = 5908EB70277D6F5A00A69ECD /* HomeView.swift */; };
		5908EB78277D769E00A69ECD /* TrackView.swift in Sources */ = {isa = PBXBuildFile; fileRef = 5908EB77277D769E00A69ECD /* TrackView.swift */; };
		5908EB7A277D76BB00A69ECD /* NotificationView.swift in Sources */ = {isa = PBXBuildFile; fileRef = 5908EB79277D76BB00A69ECD /* NotificationView.swift */; };
		5908EB7D277D76FF00A69ECD /* AuthenticationView.swift in Sources */ = {isa = PBXBuildFile; fileRef = 5908EB7C277D76FF00A69ECD /* AuthenticationView.swift */; };
		5908EB7F277D774F00A69ECD /* SettingsView.swift in Sources */ = {isa = PBXBuildFile; fileRef = 5908EB7E277D774F00A69ECD /* SettingsView.swift */; };
		593295E6277F69300024022F /* TrackFirebase.swift in Sources */ = {isa = PBXBuildFile; fileRef = 593295E5277F69300024022F /* TrackFirebase.swift */; };
		593295E9277F701A0024022F /* TrackMapsView.swift in Sources */ = {isa = PBXBuildFile; fileRef = 593295E8277F701A0024022F /* TrackMapsView.swift */; };
		593295ED277F75E40024022F /* GoogleService-Info.plist in Resources */ = {isa = PBXBuildFile; fileRef = 593295EC277F75E40024022F /* GoogleService-Info.plist */; };
		5956EF0C277D11DD00449B69 /* BusPrintApp.swift in Sources */ = {isa = PBXBuildFile; fileRef = 5956EF0B277D11DD00449B69 /* BusPrintApp.swift */; };
		5956EF0E277D11DD00449B69 /* ContentView.swift in Sources */ = {isa = PBXBuildFile; fileRef = 5956EF0D277D11DD00449B69 /* ContentView.swift */; };
		5956EF10277D11DF00449B69 /* Assets.xcassets in Resources */ = {isa = PBXBuildFile; fileRef = 5956EF0F277D11DF00449B69 /* Assets.xcassets */; };
		5956EF13277D11DF00449B69 /* Preview Assets.xcassets in Resources */ = {isa = PBXBuildFile; fileRef = 5956EF12277D11DF00449B69 /* Preview Assets.xcassets */; };
/* End PBXBuildFile section */

/* Begin PBXFileReference section */
		5908EB70277D6F5A00A69ECD /* HomeView.swift */ = {isa = PBXFileReference; lastKnownFileType = sourcecode.swift; path = HomeView.swift; sourceTree = "<group>"; };
		5908EB77277D769E00A69ECD /* TrackView.swift */ = {isa = PBXFileReference; lastKnownFileType = sourcecode.swift; path = TrackView.swift; sourceTree = "<group>"; };
		5908EB79277D76BB00A69ECD /* NotificationView.swift */ = {isa = PBXFileReference; lastKnownFileType = sourcecode.swift; path = NotificationView.swift; sourceTree = "<group>"; };
		5908EB7C277D76FF00A69ECD /* AuthenticationView.swift */ = {isa = PBXFileReference; lastKnownFileType = sourcecode.swift; path = AuthenticationView.swift; sourceTree = "<group>"; };
		5908EB7E277D774F00A69ECD /* SettingsView.swift */ = {isa = PBXFileReference; lastKnownFileType = sourcecode.swift; path = SettingsView.swift; sourceTree = "<group>"; };
		593295E5277F69300024022F /* TrackFirebase.swift */ = {isa = PBXFileReference; lastKnownFileType = sourcecode.swift; path = TrackFirebase.swift; sourceTree = "<group>"; };
		593295E8277F701A0024022F /* TrackMapsView.swift */ = {isa = PBXFileReference; lastKnownFileType = sourcecode.swift; path = TrackMapsView.swift; sourceTree = "<group>"; };
		593295EC277F75E40024022F /* GoogleService-Info.plist */ = {isa = PBXFileReference; fileEncoding = 4; lastKnownFileType = text.plist.xml; path = "GoogleService-Info.plist"; sourceTree = "<group>"; };
		5956EF08277D11DD00449B69 /* BusPrint.app */ = {isa = PBXFileReference; explicitFileType = wrapper.application; includeInIndex = 0; path = BusPrint.app; sourceTree = BUILT_PRODUCTS_DIR; };
		5956EF0B277D11DD00449B69 /* BusPrintApp.swift */ = {isa = PBXFileReference; lastKnownFileType = sourcecode.swift; path = BusPrintApp.swift; sourceTree = "<group>"; };
		5956EF0D277D11DD00449B69 /* ContentView.swift */ = {isa = PBXFileReference; lastKnownFileType = sourcecode.swift; path = ContentView.swift; sourceTree = "<group>"; };
		5956EF0F277D11DF00449B69 /* Assets.xcassets */ = {isa = PBXFileReference; lastKnownFileType = folder.assetcatalog; path = Assets.xcassets; sourceTree = "<group>"; };
		5956EF12277D11DF00449B69 /* Preview Assets.xcassets */ = {isa = PBXFileReference; lastKnownFileType = folder.assetcatalog; path = "Preview Assets.xcassets"; sourceTree = "<group>"; };
		9B53D9713AFCDC192BB4F121 /* Pods_BusPrint.framework */ = {isa = PBXFileReference; explicitFileType = wrapper.framework; includeInIndex = 0; path = Pods_BusPrint.framework; sourceTree = BUILT_PRODUCTS_DIR; };
		A24CF2759D6BB430EE402479 /* Pods-BusPrint.release.xcconfig */ = {isa = PBXFileReference; includeInIndex = 1; lastKnownFileType = text.xcconfig; name = "Pods-BusPrint.release.xcconfig"; path = "Target Support Files/Pods-BusPrint/Pods-BusPrint.release.xcconfig"; sourceTree = "<group>"; };
		A85FFB061F32A83EDC387D5D /* Pods-BusPrint.debug.xcconfig */ = {isa = PBXFileReference; includeInIndex = 1; lastKnownFileType = text.xcconfig; name = "Pods-BusPrint.debug.xcconfig"; path = "Target Support Files/Pods-BusPrint/Pods-BusPrint.debug.xcconfig"; sourceTree = "<group>"; };
/* End PBXFileReference section */

/* Begin PBXFrameworksBuildPhase section */
		5956EF05277D11DD00449B69 /* Frameworks */ = {
			isa = PBXFrameworksBuildPhase;
			buildActionMask = 2147483647;
			files = (
				3F09CE9C74AD5656F2ECA713 /* Pods_BusPrint.framework in Frameworks */,
			);
			runOnlyForDeploymentPostprocessing = 0;
		};
/* End PBXFrameworksBuildPhase section */

/* Begin PBXGroup section */
		5908EB68277D6A3300A69ECD /* Features */ = {
			isa = PBXGroup;
			children = (
				5908EB69277D6B0600A69ECD /* Authentication */,
				5908EB6A277D6B1000A69ECD /* Home */,
				5908EB6B277D6B1B00A69ECD /* Notification */,
				5908EB6C277D6B2F00A69ECD /* Track */,
				5908EB6D277D6B4500A69ECD /* Settings */,
			);
			path = Features;
			sourceTree = "<group>";
		};
		5908EB69277D6B0600A69ECD /* Authentication */ = {
			isa = PBXGroup;
			children = (
				5908EB7C277D76FF00A69ECD /* AuthenticationView.swift */,
			);
			path = Authentication;
			sourceTree = "<group>";
		};
		5908EB6A277D6B1000A69ECD /* Home */ = {
			isa = PBXGroup;
			children = (
				5908EB70277D6F5A00A69ECD /* HomeView.swift */,
			);
			path = Home;
			sourceTree = "<group>";
		};
		5908EB6B277D6B1B00A69ECD /* Notification */ = {
			isa = PBXGroup;
			children = (
				5908EB79277D76BB00A69ECD /* NotificationView.swift */,
			);
			path = Notification;
			sourceTree = "<group>";
		};
		5908EB6C277D6B2F00A69ECD /* Track */ = {
			isa = PBXGroup;
			children = (
				5908EB77277D769E00A69ECD /* TrackView.swift */,
				593295E8277F701A0024022F /* TrackMapsView.swift */,
				593295E5277F69300024022F /* TrackFirebase.swift */,
			);
			path = Track;
			sourceTree = "<group>";
		};
		5908EB6D277D6B4500A69ECD /* Settings */ = {
			isa = PBXGroup;
			children = (
				5908EB7E277D774F00A69ECD /* SettingsView.swift */,
			);
			path = Settings;
			sourceTree = "<group>";
		};
		5908EB6E277D6BBE00A69ECD /* Resources */ = {
			isa = PBXGroup;
			children = (
			);
			path = Resources;
			sourceTree = "<group>";
		};
		5908EB6F277D6CF800A69ECD /* Navigator */ = {
			isa = PBXGroup;
			children = (
				5956EF0D277D11DD00449B69 /* ContentView.swift */,
			);
			path = Navigator;
			sourceTree = "<group>";
		};
		5956EEFF277D11DD00449B69 = {
			isa = PBXGroup;
			children = (
				5956EF0A277D11DD00449B69 /* BusPrint */,
				5956EF09277D11DD00449B69 /* Products */,
				95C0088C97C96EF2D825517D /* Pods */,
				7F45ACA489B7CF471BDC9975 /* Frameworks */,
			);
			sourceTree = "<group>";
		};
		5956EF09277D11DD00449B69 /* Products */ = {
			isa = PBXGroup;
			children = (
				5956EF08277D11DD00449B69 /* BusPrint.app */,
			);
			name = Products;
			sourceTree = "<group>";
		};
		5956EF0A277D11DD00449B69 /* BusPrint */ = {
			isa = PBXGroup;
			children = (
				5908EB6F277D6CF800A69ECD /* Navigator */,
				5908EB68277D6A3300A69ECD /* Features */,
				5956EF0B277D11DD00449B69 /* BusPrintApp.swift */,
				593295EC277F75E40024022F /* GoogleService-Info.plist */,
				5908EB6E277D6BBE00A69ECD /* Resources */,
				5956EF0F277D11DF00449B69 /* Assets.xcassets */,
				5956EF11277D11DF00449B69 /* Preview Content */,
			);
			path = BusPrint;
			sourceTree = "<group>";
		};
		5956EF11277D11DF00449B69 /* Preview Content */ = {
			isa = PBXGroup;
			children = (
				5956EF12277D11DF00449B69 /* Preview Assets.xcassets */,
			);
			path = "Preview Content";
			sourceTree = "<group>";
		};
		7F45ACA489B7CF471BDC9975 /* Frameworks */ = {
			isa = PBXGroup;
			children = (
				9B53D9713AFCDC192BB4F121 /* Pods_BusPrint.framework */,
			);
			name = Frameworks;
			sourceTree = "<group>";
		};
		95C0088C97C96EF2D825517D /* Pods */ = {
			isa = PBXGroup;
			children = (
				A85FFB061F32A83EDC387D5D /* Pods-BusPrint.debug.xcconfig */,
				A24CF2759D6BB430EE402479 /* Pods-BusPrint.release.xcconfig */,
			);
			path = Pods;
			sourceTree = "<group>";
		};
/* End PBXGroup section */

/* Begin PBXNativeTarget section */
		5956EF07277D11DD00449B69 /* BusPrint */ = {
			isa = PBXNativeTarget;
			buildConfigurationList = 5956EF16277D11DF00449B69 /* Build configuration list for PBXNativeTarget "BusPrint" */;
			buildPhases = (
				1E49FABE90D012CEA7414FD5 /* [CP] Check Pods Manifest.lock */,
				5956EF04277D11DD00449B69 /* Sources */,
				5956EF05277D11DD00449B69 /* Frameworks */,
				5956EF06277D11DD00449B69 /* Resources */,
				F034A05F7667CBADD29D6705 /* [CP] Embed Pods Frameworks */,
			);
			buildRules = (
			);
			dependencies = (
			);
			name = BusPrint;
			productName = BusPrint;
			productReference = 5956EF08277D11DD00449B69 /* BusPrint.app */;
			productType = "com.apple.product-type.application";
		};
/* End PBXNativeTarget section */

/* Begin PBXProject section */
		5956EF00277D11DD00449B69 /* Project object */ = {
			isa = PBXProject;
			attributes = {
				BuildIndependentTargetsInParallel = 1;
				LastSwiftUpdateCheck = 1310;
				LastUpgradeCheck = 1310;
				TargetAttributes = {
					5956EF07277D11DD00449B69 = {
						CreatedOnToolsVersion = 13.1;
					};
				};
			};
			buildConfigurationList = 5956EF03277D11DD00449B69 /* Build configuration list for PBXProject "BusPrint" */;
			compatibilityVersion = "Xcode 13.0";
			developmentRegion = en;
			hasScannedForEncodings = 0;
			knownRegions = (
				en,
				Base,
			);
			mainGroup = 5956EEFF277D11DD00449B69;
			productRefGroup = 5956EF09277D11DD00449B69 /* Products */;
			projectDirPath = "";
			projectRoot = "";
			targets = (
				5956EF07277D11DD00449B69 /* BusPrint */,
			);
		};
/* End PBXProject section */

/* Begin PBXResourcesBuildPhase section */
		5956EF06277D11DD00449B69 /* Resources */ = {
			isa = PBXResourcesBuildPhase;
			buildActionMask = 2147483647;
			files = (
				5956EF13277D11DF00449B69 /* Preview Assets.xcassets in Resources */,
				5956EF10277D11DF00449B69 /* Assets.xcassets in Resources */,
				593295ED277F75E40024022F /* GoogleService-Info.plist in Resources */,
			);
			runOnlyForDeploymentPostprocessing = 0;
		};
/* End PBXResourcesBuildPhase section */

/* Begin PBXShellScriptBuildPhase section */
		1E49FABE90D012CEA7414FD5 /* [CP] Check Pods Manifest.lock */ = {
			isa = PBXShellScriptBuildPhase;
			buildActionMask = 2147483647;
			files = (
			);
			inputFileListPaths = (
			);
			inputPaths = (
				"${PODS_PODFILE_DIR_PATH}/Podfile.lock",
				"${PODS_ROOT}/Manifest.lock",
			);
			name = "[CP] Check Pods Manifest.lock";
			outputFileListPaths = (
			);
			outputPaths = (
				"$(DERIVED_FILE_DIR)/Pods-BusPrint-checkManifestLockResult.txt",
			);
			runOnlyForDeploymentPostprocessing = 0;
			shellPath = /bin/sh;
			shellScript = "diff \"${PODS_PODFILE_DIR_PATH}/Podfile.lock\" \"${PODS_ROOT}/Manifest.lock\" > /dev/null\nif [ $? != 0 ] ; then\n    # print error to STDERR\n    echo \"error: The sandbox is not in sync with the Podfile.lock. Run 'pod install' or update your CocoaPods installation.\" >&2\n    exit 1\nfi\n# This output is used by Xcode 'outputs' to avoid re-running this script phase.\necho \"SUCCESS\" > \"${SCRIPT_OUTPUT_FILE_0}\"\n";
			showEnvVarsInLog = 0;
		};
		F034A05F7667CBADD29D6705 /* [CP] Embed Pods Frameworks */ = {
			isa = PBXShellScriptBuildPhase;
			buildActionMask = 2147483647;
			files = (
			);
			inputFileListPaths = (
				"${PODS_ROOT}/Target Support Files/Pods-BusPrint/Pods-BusPrint-frameworks-${CONFIGURATION}-input-files.xcfilelist",
			);
			name = "[CP] Embed Pods Frameworks";
			outputFileListPaths = (
				"${PODS_ROOT}/Target Support Files/Pods-BusPrint/Pods-BusPrint-frameworks-${CONFIGURATION}-output-files.xcfilelist",
			);
			runOnlyForDeploymentPostprocessing = 0;
			shellPath = /bin/sh;
			shellScript = "\"${PODS_ROOT}/Target Support Files/Pods-BusPrint/Pods-BusPrint-frameworks.sh\"\n";
			showEnvVarsInLog = 0;
		};
/* End PBXShellScriptBuildPhase section */

/* Begin PBXSourcesBuildPhase section */
		5956EF04277D11DD00449B69 /* Sources */ = {
			isa = PBXSourcesBuildPhase;
			buildActionMask = 2147483647;
			files = (
				5908EB7F277D774F00A69ECD /* SettingsView.swift in Sources */,
				5956EF0E277D11DD00449B69 /* ContentView.swift in Sources */,
				5908EB78277D769E00A69ECD /* TrackView.swift in Sources */,
				5908EB7D277D76FF00A69ECD /* AuthenticationView.swift in Sources */,
				593295E6277F69300024022F /* TrackFirebase.swift in Sources */,
				5908EB71277D6F5A00A69ECD /* HomeView.swift in Sources */,
				5956EF0C277D11DD00449B69 /* BusPrintApp.swift in Sources */,
				593295E9277F701A0024022F /* TrackMapsView.swift in Sources */,
				5908EB7A277D76BB00A69ECD /* NotificationView.swift in Sources */,
			);
			runOnlyForDeploymentPostprocessing = 0;
		};
/* End PBXSourcesBuildPhase section */

/* Begin XCBuildConfiguration section */
		5956EF14277D11DF00449B69 /* Debug */ = {
			isa = XCBuildConfiguration;
			buildSettings = {
				ALWAYS_SEARCH_USER_PATHS = NO;
				CLANG_ANALYZER_NONNULL = YES;
				CLANG_ANALYZER_NUMBER_OBJECT_CONVERSION = YES_AGGRESSIVE;
				CLANG_CXX_LANGUAGE_STANDARD = "gnu++17";
				CLANG_CXX_LIBRARY = "libc++";
				CLANG_ENABLE_MODULES = YES;
				CLANG_ENABLE_OBJC_ARC = YES;
				CLANG_ENABLE_OBJC_WEAK = YES;
				CLANG_WARN_BLOCK_CAPTURE_AUTORELEASING = YES;
				CLANG_WARN_BOOL_CONVERSION = YES;
				CLANG_WARN_COMMA = YES;
				CLANG_WARN_CONSTANT_CONVERSION = YES;
				CLANG_WARN_DEPRECATED_OBJC_IMPLEMENTATIONS = YES;
				CLANG_WARN_DIRECT_OBJC_ISA_USAGE = YES_ERROR;
				CLANG_WARN_DOCUMENTATION_COMMENTS = YES;
				CLANG_WARN_EMPTY_BODY = YES;
				CLANG_WARN_ENUM_CONVERSION = YES;
				CLANG_WARN_INFINITE_RECURSION = YES;
				CLANG_WARN_INT_CONVERSION = YES;
				CLANG_WARN_NON_LITERAL_NULL_CONVERSION = YES;
				CLANG_WARN_OBJC_IMPLICIT_RETAIN_SELF = YES;
				CLANG_WARN_OBJC_LITERAL_CONVERSION = YES;
				CLANG_WARN_OBJC_ROOT_CLASS = YES_ERROR;
				CLANG_WARN_QUOTED_INCLUDE_IN_FRAMEWORK_HEADER = YES;
				CLANG_WARN_RANGE_LOOP_ANALYSIS = YES;
				CLANG_WARN_STRICT_PROTOTYPES = YES;
				CLANG_WARN_SUSPICIOUS_MOVE = YES;
				CLANG_WARN_UNGUARDED_AVAILABILITY = YES_AGGRESSIVE;
				CLANG_WARN_UNREACHABLE_CODE = YES;
				CLANG_WARN__DUPLICATE_METHOD_MATCH = YES;
				COPY_PHASE_STRIP = NO;
				DEBUG_INFORMATION_FORMAT = dwarf;
				ENABLE_STRICT_OBJC_MSGSEND = YES;
				ENABLE_TESTABILITY = YES;
				GCC_C_LANGUAGE_STANDARD = gnu11;
				GCC_DYNAMIC_NO_PIC = NO;
				GCC_NO_COMMON_BLOCKS = YES;
				GCC_OPTIMIZATION_LEVEL = 0;
				GCC_PREPROCESSOR_DEFINITIONS = (
					"DEBUG=1",
					"$(inherited)",
				);
				GCC_WARN_64_TO_32_BIT_CONVERSION = YES;
				GCC_WARN_ABOUT_RETURN_TYPE = YES_ERROR;
				GCC_WARN_UNDECLARED_SELECTOR = YES;
				GCC_WARN_UNINITIALIZED_AUTOS = YES_AGGRESSIVE;
				GCC_WARN_UNUSED_FUNCTION = YES;
				GCC_WARN_UNUSED_VARIABLE = YES;
				IPHONEOS_DEPLOYMENT_TARGET = 15.0;
				MTL_ENABLE_DEBUG_INFO = INCLUDE_SOURCE;
				MTL_FAST_MATH = YES;
				ONLY_ACTIVE_ARCH = YES;
				SDKROOT = iphoneos;
				SWIFT_ACTIVE_COMPILATION_CONDITIONS = DEBUG;
				SWIFT_OPTIMIZATION_LEVEL = "-Onone";
			};
			name = Debug;
		};
		5956EF15277D11DF00449B69 /* Release */ = {
			isa = XCBuildConfiguration;
			buildSettings = {
				ALWAYS_SEARCH_USER_PATHS = NO;
				CLANG_ANALYZER_NONNULL = YES;
				CLANG_ANALYZER_NUMBER_OBJECT_CONVERSION = YES_AGGRESSIVE;
				CLANG_CXX_LANGUAGE_STANDARD = "gnu++17";
				CLANG_CXX_LIBRARY = "libc++";
				CLANG_ENABLE_MODULES = YES;
				CLANG_ENABLE_OBJC_ARC = YES;
				CLANG_ENABLE_OBJC_WEAK = YES;
				CLANG_WARN_BLOCK_CAPTURE_AUTORELEASING = YES;
				CLANG_WARN_BOOL_CONVERSION = YES;
				CLANG_WARN_COMMA = YES;
				CLANG_WARN_CONSTANT_CONVERSION = YES;
				CLANG_WARN_DEPRECATED_OBJC_IMPLEMENTATIONS = YES;
				CLANG_WARN_DIRECT_OBJC_ISA_USAGE = YES_ERROR;
				CLANG_WARN_DOCUMENTATION_COMMENTS = YES;
				CLANG_WARN_EMPTY_BODY = YES;
				CLANG_WARN_ENUM_CONVERSION = YES;
				CLANG_WARN_INFINITE_RECURSION = YES;
				CLANG_WARN_INT_CONVERSION = YES;
				CLANG_WARN_NON_LITERAL_NULL_CONVERSION = YES;
				CLANG_WARN_OBJC_IMPLICIT_RETAIN_SELF = YES;
				CLANG_WARN_OBJC_LITERAL_CONVERSION = YES;
				CLANG_WARN_OBJC_ROOT_CLASS = YES_ERROR;
				CLANG_WARN_QUOTED_INCLUDE_IN_FRAMEWORK_HEADER = YES;
				CLANG_WARN_RANGE_LOOP_ANALYSIS = YES;
				CLANG_WARN_STRICT_PROTOTYPES = YES;
				CLANG_WARN_SUSPICIOUS_MOVE = YES;
				CLANG_WARN_UNGUARDED_AVAILABILITY = YES_AGGRESSIVE;
				CLANG_WARN_UNREACHABLE_CODE = YES;
				CLANG_WARN__DUPLICATE_METHOD_MATCH = YES;
				COPY_PHASE_STRIP = NO;
				DEBUG_INFORMATION_FORMAT = "dwarf-with-dsym";
				ENABLE_NS_ASSERTIONS = NO;
				ENABLE_STRICT_OBJC_MSGSEND = YES;
				GCC_C_LANGUAGE_STANDARD = gnu11;
				GCC_NO_COMMON_BLOCKS = YES;
				GCC_WARN_64_TO_32_BIT_CONVERSION = YES;
				GCC_WARN_ABOUT_RETURN_TYPE = YES_ERROR;
				GCC_WARN_UNDECLARED_SELECTOR = YES;
				GCC_WARN_UNINITIALIZED_AUTOS = YES_AGGRESSIVE;
				GCC_WARN_UNUSED_FUNCTION = YES;
				GCC_WARN_UNUSED_VARIABLE = YES;
				IPHONEOS_DEPLOYMENT_TARGET = 15.0;
				MTL_ENABLE_DEBUG_INFO = NO;
				MTL_FAST_MATH = YES;
				SDKROOT = iphoneos;
				SWIFT_COMPILATION_MODE = wholemodule;
				SWIFT_OPTIMIZATION_LEVEL = "-O";
				VALIDATE_PRODUCT = YES;
			};
			name = Release;
		};
		5956EF17277D11DF00449B69 /* Debug */ = {
			isa = XCBuildConfiguration;
			baseConfigurationReference = A85FFB061F32A83EDC387D5D /* Pods-BusPrint.debug.xcconfig */;
			buildSettings = {
				ASSETCATALOG_COMPILER_APPICON_NAME = AppIcon;
				ASSETCATALOG_COMPILER_GLOBAL_ACCENT_COLOR_NAME = AccentColor;
				CODE_SIGN_STYLE = Automatic;
				CURRENT_PROJECT_VERSION = 1;
				DEVELOPMENT_ASSET_PATHS = "\"BusPrint/Preview Content\"";
				DEVELOPMENT_TEAM = WDXE35AZKS;
				ENABLE_PREVIEWS = YES;
				GENERATE_INFOPLIST_FILE = YES;
				INFOPLIST_KEY_UIApplicationSceneManifest_Generation = YES;
				INFOPLIST_KEY_UIApplicationSupportsIndirectInputEvents = YES;
				INFOPLIST_KEY_UILaunchScreen_Generation = YES;
				INFOPLIST_KEY_UISupportedInterfaceOrientations_iPad = "UIInterfaceOrientationPortrait UIInterfaceOrientationPortraitUpsideDown UIInterfaceOrientationLandscapeLeft UIInterfaceOrientationLandscapeRight";
				INFOPLIST_KEY_UISupportedInterfaceOrientations_iPhone = "UIInterfaceOrientationPortrait UIInterfaceOrientationLandscapeLeft UIInterfaceOrientationLandscapeRight";
				LD_RUNPATH_SEARCH_PATHS = (
					"$(inherited)",
					"@executable_path/Frameworks",
				);
				MARKETING_VERSION = 1.0;
				PRODUCT_BUNDLE_IDENTIFIER = PrintBus.BusPrint;
				PRODUCT_NAME = "$(TARGET_NAME)";
				SWIFT_EMIT_LOC_STRINGS = YES;
				SWIFT_VERSION = 5.0;
				TARGETED_DEVICE_FAMILY = "1,2";
			};
			name = Debug;
		};
		5956EF18277D11DF00449B69 /* Release */ = {
			isa = XCBuildConfiguration;
			baseConfigurationReference = A24CF2759D6BB430EE402479 /* Pods-BusPrint.release.xcconfig */;
			buildSettings = {
				ASSETCATALOG_COMPILER_APPICON_NAME = AppIcon;
				ASSETCATALOG_COMPILER_GLOBAL_ACCENT_COLOR_NAME = AccentColor;
				CODE_SIGN_STYLE = Automatic;
				CURRENT_PROJECT_VERSION = 1;
				DEVELOPMENT_ASSET_PATHS = "\"BusPrint/Preview Content\"";
				DEVELOPMENT_TEAM = WDXE35AZKS;
				ENABLE_PREVIEWS = YES;
				GENERATE_INFOPLIST_FILE = YES;
				INFOPLIST_KEY_UIApplicationSceneManifest_Generation = YES;
				INFOPLIST_KEY_UIApplicationSupportsIndirectInputEvents = YES;
				INFOPLIST_KEY_UILaunchScreen_Generation = YES;
				INFOPLIST_KEY_UISupportedInterfaceOrientations_iPad = "UIInterfaceOrientationPortrait UIInterfaceOrientationPortraitUpsideDown UIInterfaceOrientationLandscapeLeft UIInterfaceOrientationLandscapeRight";
				INFOPLIST_KEY_UISupportedInterfaceOrientations_iPhone = "UIInterfaceOrientationPortrait UIInterfaceOrientationLandscapeLeft UIInterfaceOrientationLandscapeRight";
				LD_RUNPATH_SEARCH_PATHS = (
					"$(inherited)",
					"@executable_path/Frameworks",
				);
				MARKETING_VERSION = 1.0;
				PRODUCT_BUNDLE_IDENTIFIER = PrintBus.BusPrint;
				PRODUCT_NAME = "$(TARGET_NAME)";
				SWIFT_EMIT_LOC_STRINGS = YES;
				SWIFT_VERSION = 5.0;
				TARGETED_DEVICE_FAMILY = "1,2";
			};
			name = Release;
		};
/* End XCBuildConfiguration section */

/* Begin XCConfigurationList section */
		5956EF03277D11DD00449B69 /* Build configuration list for PBXProject "BusPrint" */ = {
			isa = XCConfigurationList;
			buildConfigurations = (
				5956EF14277D11DF00449B69 /* Debug */,
				5956EF15277D11DF00449B69 /* Release */,
			);
			defaultConfigurationIsVisible = 0;
			defaultConfigurationName = Release;
		};
		5956EF16277D11DF00449B69 /* Build configuration list for PBXNativeTarget "BusPrint" */ = {
			isa = XCConfigurationList;
			buildConfigurations = (
				5956EF17277D11DF00449B69 /* Debug */,
				5956EF18277D11DF00449B69 /* Release */,
			);
			defaultConfigurationIsVisible = 0;
			defaultConfigurationName = Release;
		};
/* End XCConfigurationList section */
	};
	rootObject = 5956EF00277D11DD00449B69 /* Project object */;
}
